// !$*UTF8*$!
{
	archiveVersion = 1;
	classes = {
	};
	objectVersion = 56;
	objects = {

/* Begin PBXBuildFile section */
		754D1EFB468E8511D3610A9D /* Pods_Weather.framework in Frameworks */ = {isa = PBXBuildFile; fileRef = 9A305974E946F3753C449CB6 /* Pods_Weather.framework */; };
		AB9D53932A65740600A01F6E /* Decoder.swift in Sources */ = {isa = PBXBuildFile; fileRef = AB9D53922A65740600A01F6E /* Decoder.swift */; };
		AB9D53952A65745300A01F6E /* City.swift in Sources */ = {isa = PBXBuildFile; fileRef = AB9D53942A65745300A01F6E /* City.swift */; };
		AB9D53972A6585D900A01F6E /* Mapper.swift in Sources */ = {isa = PBXBuildFile; fileRef = AB9D53962A6585D900A01F6E /* Mapper.swift */; };
		AB9D53992A65BD6D00A01F6E /* DataProvider.swift in Sources */ = {isa = PBXBuildFile; fileRef = AB9D53982A65BD6D00A01F6E /* DataProvider.swift */; };
		AB9D539B2A65EB3C00A01F6E /* Weather.swift in Sources */ = {isa = PBXBuildFile; fileRef = AB9D539A2A65EB3C00A01F6E /* Weather.swift */; };
		AB9D53A22A6750E600A01F6E /* AppDelegate.swift in Sources */ = {isa = PBXBuildFile; fileRef = ABDF216E2A5DBB2700320152 /* AppDelegate.swift */; };
		AB9D53B62A68109800A01F6E /* TodayWeatherView.swift in Sources */ = {isa = PBXBuildFile; fileRef = AB9D53B52A68109700A01F6E /* TodayWeatherView.swift */; };
		AB9D53CA2A7135F900A01F6E /* WeatherViewModel.swift in Sources */ = {isa = PBXBuildFile; fileRef = AB9D53C92A7135F900A01F6E /* WeatherViewModel.swift */; };
		ABAC5EBB2A62D285000DE833 /* WeatherRequestService.swift in Sources */ = {isa = PBXBuildFile; fileRef = ABAC5EBA2A62D285000DE833 /* WeatherRequestService.swift */; };
		ABAC5EC02A62D3C7000DE833 /* Coordinates.swift in Sources */ = {isa = PBXBuildFile; fileRef = ABAC5EBF2A62D3C7000DE833 /* Coordinates.swift */; };
		ABAC5EC42A63508A000DE833 /* WeatherModel.swift in Sources */ = {isa = PBXBuildFile; fileRef = ABAC5EC32A63508A000DE833 /* WeatherModel.swift */; };
		ABAC5EC62A64379E000DE833 /* CoreAssembly.swift in Sources */ = {isa = PBXBuildFile; fileRef = ABAC5EC52A64379E000DE833 /* CoreAssembly.swift */; };
		ABAC5EC82A64388F000DE833 /* ServiceAssembly.swift in Sources */ = {isa = PBXBuildFile; fileRef = ABAC5EC72A64388F000DE833 /* ServiceAssembly.swift */; };
		ABDF21712A5DBB2700320152 /* SceneDelegate.swift in Sources */ = {isa = PBXBuildFile; fileRef = ABDF21702A5DBB2700320152 /* SceneDelegate.swift */; };
		ABDF21732A5DBB2700320152 /* CurrentWeatherViewController.swift in Sources */ = {isa = PBXBuildFile; fileRef = ABDF21722A5DBB2700320152 /* CurrentWeatherViewController.swift */; };
		ABDF21782A5DBB2800320152 /* Assets.xcassets in Resources */ = {isa = PBXBuildFile; fileRef = ABDF21772A5DBB2800320152 /* Assets.xcassets */; };
		ABDF217B2A5DBB2800320152 /* LaunchScreen.storyboard in Resources */ = {isa = PBXBuildFile; fileRef = ABDF21792A5DBB2800320152 /* LaunchScreen.storyboard */; };
		ABDF21842A5DBD0200320152 /* NetworkManager.swift in Sources */ = {isa = PBXBuildFile; fileRef = ABDF21832A5DBD0200320152 /* NetworkManager.swift */; };
		ABDF21892A5EB61900320152 /* Request.swift in Sources */ = {isa = PBXBuildFile; fileRef = ABDF21882A5EB61900320152 /* Request.swift */; };
		ABDF218B2A5EB78300320152 /* CityRequest.swift in Sources */ = {isa = PBXBuildFile; fileRef = ABDF218A2A5EB78300320152 /* CityRequest.swift */; };
		ABDF218D2A5EC08800320152 /* WeatherRequest.swift in Sources */ = {isa = PBXBuildFile; fileRef = ABDF218C2A5EC08800320152 /* WeatherRequest.swift */; };
		ABDF21962A5ED66000320152 /* CityRequestService.swift in Sources */ = {isa = PBXBuildFile; fileRef = ABDF21952A5ED66000320152 /* CityRequestService.swift */; };
/* End PBXBuildFile section */

/* Begin PBXFileReference section */
		71F2234A92C2755138A4F5B1 /* Pods-Weather.release.xcconfig */ = {isa = PBXFileReference; includeInIndex = 1; lastKnownFileType = text.xcconfig; name = "Pods-Weather.release.xcconfig"; path = "Target Support Files/Pods-Weather/Pods-Weather.release.xcconfig"; sourceTree = "<group>"; };
		9A305974E946F3753C449CB6 /* Pods_Weather.framework */ = {isa = PBXFileReference; explicitFileType = wrapper.framework; includeInIndex = 0; path = Pods_Weather.framework; sourceTree = BUILT_PRODUCTS_DIR; };
		AB9D53922A65740600A01F6E /* Decoder.swift */ = {isa = PBXFileReference; lastKnownFileType = sourcecode.swift; path = Decoder.swift; sourceTree = "<group>"; };
		AB9D53942A65745300A01F6E /* City.swift */ = {isa = PBXFileReference; lastKnownFileType = sourcecode.swift; path = City.swift; sourceTree = "<group>"; };
		AB9D53962A6585D900A01F6E /* Mapper.swift */ = {isa = PBXFileReference; lastKnownFileType = sourcecode.swift; path = Mapper.swift; sourceTree = "<group>"; };
		AB9D53982A65BD6D00A01F6E /* DataProvider.swift */ = {isa = PBXFileReference; lastKnownFileType = sourcecode.swift; path = DataProvider.swift; sourceTree = "<group>"; };
		AB9D539A2A65EB3C00A01F6E /* Weather.swift */ = {isa = PBXFileReference; lastKnownFileType = sourcecode.swift; path = Weather.swift; sourceTree = "<group>"; };
		AB9D539C2A674AFD00A01F6E /* env_release.xcconfig */ = {isa = PBXFileReference; lastKnownFileType = text.xcconfig; path = env_release.xcconfig; sourceTree = "<group>"; };
		AB9D53A52A67516F00A01F6E /* RxRelay.framework */ = {isa = PBXFileReference; explicitFileType = wrapper.framework; path = RxRelay.framework; sourceTree = BUILT_PRODUCTS_DIR; };
		AB9D53B52A68109700A01F6E /* TodayWeatherView.swift */ = {isa = PBXFileReference; lastKnownFileType = sourcecode.swift; path = TodayWeatherView.swift; sourceTree = "<group>"; };
		AB9D53C92A7135F900A01F6E /* WeatherViewModel.swift */ = {isa = PBXFileReference; lastKnownFileType = sourcecode.swift; path = WeatherViewModel.swift; sourceTree = "<group>"; };
		ABAC5EBA2A62D285000DE833 /* WeatherRequestService.swift */ = {isa = PBXFileReference; lastKnownFileType = sourcecode.swift; path = WeatherRequestService.swift; sourceTree = "<group>"; };
		ABAC5EBF2A62D3C7000DE833 /* Coordinates.swift */ = {isa = PBXFileReference; lastKnownFileType = sourcecode.swift; path = Coordinates.swift; sourceTree = "<group>"; };
		ABAC5EC32A63508A000DE833 /* WeatherModel.swift */ = {isa = PBXFileReference; lastKnownFileType = sourcecode.swift; path = WeatherModel.swift; sourceTree = "<group>"; };
		ABAC5EC52A64379E000DE833 /* CoreAssembly.swift */ = {isa = PBXFileReference; lastKnownFileType = sourcecode.swift; path = CoreAssembly.swift; sourceTree = "<group>"; };
		ABAC5EC72A64388F000DE833 /* ServiceAssembly.swift */ = {isa = PBXFileReference; lastKnownFileType = sourcecode.swift; path = ServiceAssembly.swift; sourceTree = "<group>"; };
		ABDF216B2A5DBB2700320152 /* Weather.app */ = {isa = PBXFileReference; explicitFileType = wrapper.application; includeInIndex = 0; path = Weather.app; sourceTree = BUILT_PRODUCTS_DIR; };
		ABDF216E2A5DBB2700320152 /* AppDelegate.swift */ = {isa = PBXFileReference; lastKnownFileType = sourcecode.swift; path = AppDelegate.swift; sourceTree = "<group>"; };
		ABDF21702A5DBB2700320152 /* SceneDelegate.swift */ = {isa = PBXFileReference; lastKnownFileType = sourcecode.swift; path = SceneDelegate.swift; sourceTree = "<group>"; };
		ABDF21722A5DBB2700320152 /* CurrentWeatherViewController.swift */ = {isa = PBXFileReference; lastKnownFileType = sourcecode.swift; path = CurrentWeatherViewController.swift; sourceTree = "<group>"; };
		ABDF21772A5DBB2800320152 /* Assets.xcassets */ = {isa = PBXFileReference; lastKnownFileType = folder.assetcatalog; path = Assets.xcassets; sourceTree = "<group>"; };
		ABDF217A2A5DBB2800320152 /* Base */ = {isa = PBXFileReference; lastKnownFileType = file.storyboard; name = Base; path = Base.lproj/LaunchScreen.storyboard; sourceTree = "<group>"; };
		ABDF217C2A5DBB2800320152 /* Info.plist */ = {isa = PBXFileReference; lastKnownFileType = text.plist.xml; path = Info.plist; sourceTree = "<group>"; };
		ABDF21832A5DBD0200320152 /* NetworkManager.swift */ = {isa = PBXFileReference; lastKnownFileType = sourcecode.swift; path = NetworkManager.swift; sourceTree = "<group>"; };
		ABDF21882A5EB61900320152 /* Request.swift */ = {isa = PBXFileReference; lastKnownFileType = sourcecode.swift; path = Request.swift; sourceTree = "<group>"; };
		ABDF218A2A5EB78300320152 /* CityRequest.swift */ = {isa = PBXFileReference; lastKnownFileType = sourcecode.swift; path = CityRequest.swift; sourceTree = "<group>"; };
		ABDF218C2A5EC08800320152 /* WeatherRequest.swift */ = {isa = PBXFileReference; lastKnownFileType = sourcecode.swift; path = WeatherRequest.swift; sourceTree = "<group>"; };
		ABDF21952A5ED66000320152 /* CityRequestService.swift */ = {isa = PBXFileReference; lastKnownFileType = sourcecode.swift; path = CityRequestService.swift; sourceTree = "<group>"; };
		ABDF21972A5EE74B00320152 /* env_debug.xcconfig */ = {isa = PBXFileReference; lastKnownFileType = text.xcconfig; path = env_debug.xcconfig; sourceTree = "<group>"; };
		D19AC59BA7304C910A77B9D4 /* Pods-Weather.debug.xcconfig */ = {isa = PBXFileReference; includeInIndex = 1; lastKnownFileType = text.xcconfig; name = "Pods-Weather.debug.xcconfig"; path = "Target Support Files/Pods-Weather/Pods-Weather.debug.xcconfig"; sourceTree = "<group>"; };
/* End PBXFileReference section */

/* Begin PBXFrameworksBuildPhase section */
		ABDF21682A5DBB2700320152 /* Frameworks */ = {
			isa = PBXFrameworksBuildPhase;
			buildActionMask = 2147483647;
			files = (
				754D1EFB468E8511D3610A9D /* Pods_Weather.framework in Frameworks */,
			);
			runOnlyForDeploymentPostprocessing = 0;
		};
/* End PBXFrameworksBuildPhase section */

/* Begin PBXGroup section */
		228493BCDA9C124E03667338 /* Pods */ = {
			isa = PBXGroup;
			children = (
				D19AC59BA7304C910A77B9D4 /* Pods-Weather.debug.xcconfig */,
				71F2234A92C2755138A4F5B1 /* Pods-Weather.release.xcconfig */,
			);
			path = Pods;
			sourceTree = "<group>";
		};
		38E0045D66F03BD94E67B954 /* Frameworks */ = {
			isa = PBXGroup;
			children = (
				AB9D53A52A67516F00A01F6E /* RxRelay.framework */,
				9A305974E946F3753C449CB6 /* Pods_Weather.framework */,
			);
			name = Frameworks;
			sourceTree = "<group>";
		};
		AB9D53902A6573B800A01F6E /* ApiModels */ = {
			isa = PBXGroup;
			children = (
				AB9D53942A65745300A01F6E /* City.swift */,
				AB9D539A2A65EB3C00A01F6E /* Weather.swift */,
			);
			path = ApiModels;
			sourceTree = "<group>";
		};
		AB9D53912A6573F200A01F6E /* Decoding */ = {
			isa = PBXGroup;
			children = (
				AB9D53922A65740600A01F6E /* Decoder.swift */,
			);
			path = Decoding;
			sourceTree = "<group>";
		};
		AB9D53CB2A7136B300A01F6E /* ModelData */ = {
			isa = PBXGroup;
			children = (
				ABAC5EC32A63508A000DE833 /* WeatherModel.swift */,
			);
			path = ModelData;
			sourceTree = "<group>";
		};
		ABDF21622A5DBB2700320152 = {
			isa = PBXGroup;
			children = (
				AB9D539C2A674AFD00A01F6E /* env_release.xcconfig */,
				ABDF21972A5EE74B00320152 /* env_debug.xcconfig */,
				ABDF216D2A5DBB2700320152 /* Weather */,
				ABDF216C2A5DBB2700320152 /* Products */,
				228493BCDA9C124E03667338 /* Pods */,
				38E0045D66F03BD94E67B954 /* Frameworks */,
			);
			sourceTree = "<group>";
		};
		ABDF216C2A5DBB2700320152 /* Products */ = {
			isa = PBXGroup;
			children = (
				ABDF216B2A5DBB2700320152 /* Weather.app */,
			);
			name = Products;
			sourceTree = "<group>";
		};
		ABDF216D2A5DBB2700320152 /* Weather */ = {
			isa = PBXGroup;
			children = (
				ABDF21912A5ED5CA00320152 /* Core */,
				ABDF21822A5DBC0D00320152 /* Service */,
				ABDF21942A5ED62400320152 /* Presentation */,
				AB9D53C92A7135F900A01F6E /* WeatherViewModel.swift */,
				ABDF218E2A5EC74800320152 /* Supporting Files */,
			);
			path = Weather;
			sourceTree = "<group>";
		};
		ABDF21822A5DBC0D00320152 /* Service */ = {
			isa = PBXGroup;
			children = (
				ABAC5EC72A64388F000DE833 /* ServiceAssembly.swift */,
				ABDF21952A5ED66000320152 /* CityRequestService.swift */,
				ABAC5EBA2A62D285000DE833 /* WeatherRequestService.swift */,
				AB9D53962A6585D900A01F6E /* Mapper.swift */,
				AB9D53982A65BD6D00A01F6E /* DataProvider.swift */,
			);
			path = Service;
			sourceTree = "<group>";
		};
		ABDF21872A5EB60000320152 /* Requests */ = {
			isa = PBXGroup;
			children = (
				ABDF21882A5EB61900320152 /* Request.swift */,
				ABDF218A2A5EB78300320152 /* CityRequest.swift */,
				ABDF218C2A5EC08800320152 /* WeatherRequest.swift */,
			);
			path = Requests;
			sourceTree = "<group>";
		};
		ABDF218E2A5EC74800320152 /* Supporting Files */ = {
			isa = PBXGroup;
			children = (
				ABDF216E2A5DBB2700320152 /* AppDelegate.swift */,
				ABDF21702A5DBB2700320152 /* SceneDelegate.swift */,
				ABDF21772A5DBB2800320152 /* Assets.xcassets */,
				ABDF21792A5DBB2800320152 /* LaunchScreen.storyboard */,
				ABDF217C2A5DBB2800320152 /* Info.plist */,
			);
			path = "Supporting Files";
			sourceTree = "<group>";
		};
		ABDF21912A5ED5CA00320152 /* Core */ = {
			isa = PBXGroup;
			children = (
				AB9D53CB2A7136B300A01F6E /* ModelData */,
				AB9D53912A6573F200A01F6E /* Decoding */,
				AB9D53902A6573B800A01F6E /* ApiModels */,
				ABAC5EC52A64379E000DE833 /* CoreAssembly.swift */,
				ABDF21832A5DBD0200320152 /* NetworkManager.swift */,
				ABAC5EBF2A62D3C7000DE833 /* Coordinates.swift */,
				ABDF21872A5EB60000320152 /* Requests */,
			);
			path = Core;
			sourceTree = "<group>";
		};
		ABDF21942A5ED62400320152 /* Presentation */ = {
			isa = PBXGroup;
			children = (
				ABDF21722A5DBB2700320152 /* CurrentWeatherViewController.swift */,
				AB9D53B52A68109700A01F6E /* TodayWeatherView.swift */,
			);
			path = Presentation;
			sourceTree = "<group>";
		};
/* End PBXGroup section */

/* Begin PBXNativeTarget section */
		ABDF216A2A5DBB2700320152 /* Weather */ = {
			isa = PBXNativeTarget;
			buildConfigurationList = ABDF217F2A5DBB2800320152 /* Build configuration list for PBXNativeTarget "Weather" */;
			buildPhases = (
				F44FB2A86D67FC7286C76BDA /* [CP] Check Pods Manifest.lock */,
				ABDF21672A5DBB2700320152 /* Sources */,
				ABDF21682A5DBB2700320152 /* Frameworks */,
				ABDF21692A5DBB2700320152 /* Resources */,
				BC2AF6AF8F2FD0319FA9F062 /* [CP] Embed Pods Frameworks */,
			);
			buildRules = (
			);
			dependencies = (
			);
			name = Weather;
			productName = Weather;
			productReference = ABDF216B2A5DBB2700320152 /* Weather.app */;
			productType = "com.apple.product-type.application";
		};
/* End PBXNativeTarget section */

/* Begin PBXProject section */
		ABDF21632A5DBB2700320152 /* Project object */ = {
			isa = PBXProject;
			attributes = {
				BuildIndependentTargetsInParallel = 1;
				LastSwiftUpdateCheck = 1420;
				LastUpgradeCheck = 1420;
				TargetAttributes = {
					ABDF216A2A5DBB2700320152 = {
						CreatedOnToolsVersion = 14.2;
					};
				};
			};
			buildConfigurationList = ABDF21662A5DBB2700320152 /* Build configuration list for PBXProject "Weather" */;
			compatibilityVersion = "Xcode 14.0";
			developmentRegion = en;
			hasScannedForEncodings = 0;
			knownRegions = (
				en,
				Base,
			);
			mainGroup = ABDF21622A5DBB2700320152;
			productRefGroup = ABDF216C2A5DBB2700320152 /* Products */;
			projectDirPath = "";
			projectRoot = "";
			targets = (
				ABDF216A2A5DBB2700320152 /* Weather */,
			);
		};
/* End PBXProject section */

/* Begin PBXResourcesBuildPhase section */
		ABDF21692A5DBB2700320152 /* Resources */ = {
			isa = PBXResourcesBuildPhase;
			buildActionMask = 2147483647;
			files = (
				ABDF217B2A5DBB2800320152 /* LaunchScreen.storyboard in Resources */,
				ABDF21782A5DBB2800320152 /* Assets.xcassets in Resources */,
			);
			runOnlyForDeploymentPostprocessing = 0;
		};
/* End PBXResourcesBuildPhase section */

/* Begin PBXShellScriptBuildPhase section */
		BC2AF6AF8F2FD0319FA9F062 /* [CP] Embed Pods Frameworks */ = {
			isa = PBXShellScriptBuildPhase;
			buildActionMask = 2147483647;
			files = (
			);
			inputFileListPaths = (
				"${PODS_ROOT}/Target Support Files/Pods-Weather/Pods-Weather-frameworks-${CONFIGURATION}-input-files.xcfilelist",
			);
			name = "[CP] Embed Pods Frameworks";
			outputFileListPaths = (
				"${PODS_ROOT}/Target Support Files/Pods-Weather/Pods-Weather-frameworks-${CONFIGURATION}-output-files.xcfilelist",
			);
			runOnlyForDeploymentPostprocessing = 0;
			shellPath = /bin/sh;
			shellScript = "\"${PODS_ROOT}/Target Support Files/Pods-Weather/Pods-Weather-frameworks.sh\"\n";
			showEnvVarsInLog = 0;
		};
		F44FB2A86D67FC7286C76BDA /* [CP] Check Pods Manifest.lock */ = {
			isa = PBXShellScriptBuildPhase;
			buildActionMask = 2147483647;
			files = (
			);
			inputFileListPaths = (
			);
			inputPaths = (
				"${PODS_PODFILE_DIR_PATH}/Podfile.lock",
				"${PODS_ROOT}/Manifest.lock",
			);
			name = "[CP] Check Pods Manifest.lock";
			outputFileListPaths = (
			);
			outputPaths = (
				"$(DERIVED_FILE_DIR)/Pods-Weather-checkManifestLockResult.txt",
			);
			runOnlyForDeploymentPostprocessing = 0;
			shellPath = /bin/sh;
			shellScript = "diff \"${PODS_PODFILE_DIR_PATH}/Podfile.lock\" \"${PODS_ROOT}/Manifest.lock\" > /dev/null\nif [ $? != 0 ] ; then\n    # print error to STDERR\n    echo \"error: The sandbox is not in sync with the Podfile.lock. Run 'pod install' or update your CocoaPods installation.\" >&2\n    exit 1\nfi\n# This output is used by Xcode 'outputs' to avoid re-running this script phase.\necho \"SUCCESS\" > \"${SCRIPT_OUTPUT_FILE_0}\"\n";
			showEnvVarsInLog = 0;
		};
/* End PBXShellScriptBuildPhase section */

/* Begin PBXSourcesBuildPhase section */
		ABDF21672A5DBB2700320152 /* Sources */ = {
			isa = PBXSourcesBuildPhase;
			buildActionMask = 2147483647;
			files = (
				AB9D53932A65740600A01F6E /* Decoder.swift in Sources */,
				ABAC5EBB2A62D285000DE833 /* WeatherRequestService.swift in Sources */,
				AB9D53992A65BD6D00A01F6E /* DataProvider.swift in Sources */,
				AB9D53952A65745300A01F6E /* City.swift in Sources */,
				ABAC5EC82A64388F000DE833 /* ServiceAssembly.swift in Sources */,
				ABDF218D2A5EC08800320152 /* WeatherRequest.swift in Sources */,
				ABAC5EC62A64379E000DE833 /* CoreAssembly.swift in Sources */,
				ABAC5EC02A62D3C7000DE833 /* Coordinates.swift in Sources */,
				ABDF21842A5DBD0200320152 /* NetworkManager.swift in Sources */,
				AB9D53B62A68109800A01F6E /* TodayWeatherView.swift in Sources */,
				ABDF21962A5ED66000320152 /* CityRequestService.swift in Sources */,
				ABAC5EC42A63508A000DE833 /* WeatherModel.swift in Sources */,
				AB9D53CA2A7135F900A01F6E /* WeatherViewModel.swift in Sources */,
				ABDF21892A5EB61900320152 /* Request.swift in Sources */,
				AB9D53A22A6750E600A01F6E /* AppDelegate.swift in Sources */,
				AB9D539B2A65EB3C00A01F6E /* Weather.swift in Sources */,
				ABDF21732A5DBB2700320152 /* CurrentWeatherViewController.swift in Sources */,
				ABDF21712A5DBB2700320152 /* SceneDelegate.swift in Sources */,
				ABDF218B2A5EB78300320152 /* CityRequest.swift in Sources */,
				AB9D53972A6585D900A01F6E /* Mapper.swift in Sources */,
			);
			runOnlyForDeploymentPostprocessing = 0;
		};
/* End PBXSourcesBuildPhase section */

/* Begin PBXVariantGroup section */
		ABDF21792A5DBB2800320152 /* LaunchScreen.storyboard */ = {
			isa = PBXVariantGroup;
			children = (
				ABDF217A2A5DBB2800320152 /* Base */,
			);
			name = LaunchScreen.storyboard;
			sourceTree = "<group>";
		};
/* End PBXVariantGroup section */

/* Begin XCBuildConfiguration section */
		ABDF217D2A5DBB2800320152 /* Debug */ = {
			isa = XCBuildConfiguration;
			buildSettings = {
				ALWAYS_SEARCH_USER_PATHS = NO;
				CLANG_ANALYZER_NONNULL = YES;
				CLANG_ANALYZER_NUMBER_OBJECT_CONVERSION = YES_AGGRESSIVE;
				CLANG_CXX_LANGUAGE_STANDARD = "gnu++20";
				CLANG_ENABLE_MODULES = YES;
				CLANG_ENABLE_OBJC_ARC = YES;
				CLANG_ENABLE_OBJC_WEAK = YES;
				CLANG_WARN_BLOCK_CAPTURE_AUTORELEASING = YES;
				CLANG_WARN_BOOL_CONVERSION = YES;
				CLANG_WARN_COMMA = YES;
				CLANG_WARN_CONSTANT_CONVERSION = YES;
				CLANG_WARN_DEPRECATED_OBJC_IMPLEMENTATIONS = YES;
				CLANG_WARN_DIRECT_OBJC_ISA_USAGE = YES_ERROR;
				CLANG_WARN_DOCUMENTATION_COMMENTS = YES;
				CLANG_WARN_EMPTY_BODY = YES;
				CLANG_WARN_ENUM_CONVERSION = YES;
				CLANG_WARN_INFINITE_RECURSION = YES;
				CLANG_WARN_INT_CONVERSION = YES;
				CLANG_WARN_NON_LITERAL_NULL_CONVERSION = YES;
				CLANG_WARN_OBJC_IMPLICIT_RETAIN_SELF = YES;
				CLANG_WARN_OBJC_LITERAL_CONVERSION = YES;
				CLANG_WARN_OBJC_ROOT_CLASS = YES_ERROR;
				CLANG_WARN_QUOTED_INCLUDE_IN_FRAMEWORK_HEADER = YES;
				CLANG_WARN_RANGE_LOOP_ANALYSIS = YES;
				CLANG_WARN_STRICT_PROTOTYPES = YES;
				CLANG_WARN_SUSPICIOUS_MOVE = YES;
				CLANG_WARN_UNGUARDED_AVAILABILITY = YES_AGGRESSIVE;
				CLANG_WARN_UNREACHABLE_CODE = YES;
				CLANG_WARN__DUPLICATE_METHOD_MATCH = YES;
				COPY_PHASE_STRIP = NO;
				DEBUG_INFORMATION_FORMAT = dwarf;
				ENABLE_STRICT_OBJC_MSGSEND = YES;
				ENABLE_TESTABILITY = YES;
				GCC_C_LANGUAGE_STANDARD = gnu11;
				GCC_DYNAMIC_NO_PIC = NO;
				GCC_NO_COMMON_BLOCKS = YES;
				GCC_OPTIMIZATION_LEVEL = 0;
				GCC_PREPROCESSOR_DEFINITIONS = (
					"DEBUG=1",
					"$(inherited)",
				);
				GCC_WARN_64_TO_32_BIT_CONVERSION = YES;
				GCC_WARN_ABOUT_RETURN_TYPE = YES_ERROR;
				GCC_WARN_UNDECLARED_SELECTOR = YES;
				GCC_WARN_UNINITIALIZED_AUTOS = YES_AGGRESSIVE;
				GCC_WARN_UNUSED_FUNCTION = YES;
				GCC_WARN_UNUSED_VARIABLE = YES;
				IPHONEOS_DEPLOYMENT_TARGET = 16.2;
				MTL_ENABLE_DEBUG_INFO = INCLUDE_SOURCE;
				MTL_FAST_MATH = YES;
				ONLY_ACTIVE_ARCH = YES;
				SDKROOT = iphoneos;
				SWIFT_ACTIVE_COMPILATION_CONDITIONS = DEBUG;
				SWIFT_OPTIMIZATION_LEVEL = "-Onone";
			};
			name = Debug;
		};
		ABDF217E2A5DBB2800320152 /* Release */ = {
			isa = XCBuildConfiguration;
			buildSettings = {
				ALWAYS_SEARCH_USER_PATHS = NO;
				CLANG_ANALYZER_NONNULL = YES;
				CLANG_ANALYZER_NUMBER_OBJECT_CONVERSION = YES_AGGRESSIVE;
				CLANG_CXX_LANGUAGE_STANDARD = "gnu++20";
				CLANG_ENABLE_MODULES = YES;
				CLANG_ENABLE_OBJC_ARC = YES;
				CLANG_ENABLE_OBJC_WEAK = YES;
				CLANG_WARN_BLOCK_CAPTURE_AUTORELEASING = YES;
				CLANG_WARN_BOOL_CONVERSION = YES;
				CLANG_WARN_COMMA = YES;
				CLANG_WARN_CONSTANT_CONVERSION = YES;
				CLANG_WARN_DEPRECATED_OBJC_IMPLEMENTATIONS = YES;
				CLANG_WARN_DIRECT_OBJC_ISA_USAGE = YES_ERROR;
				CLANG_WARN_DOCUMENTATION_COMMENTS = YES;
				CLANG_WARN_EMPTY_BODY = YES;
				CLANG_WARN_ENUM_CONVERSION = YES;
				CLANG_WARN_INFINITE_RECURSION = YES;
				CLANG_WARN_INT_CONVERSION = YES;
				CLANG_WARN_NON_LITERAL_NULL_CONVERSION = YES;
				CLANG_WARN_OBJC_IMPLICIT_RETAIN_SELF = YES;
				CLANG_WARN_OBJC_LITERAL_CONVERSION = YES;
				CLANG_WARN_OBJC_ROOT_CLASS = YES_ERROR;
				CLANG_WARN_QUOTED_INCLUDE_IN_FRAMEWORK_HEADER = YES;
				CLANG_WARN_RANGE_LOOP_ANALYSIS = YES;
				CLANG_WARN_STRICT_PROTOTYPES = YES;
				CLANG_WARN_SUSPICIOUS_MOVE = YES;
				CLANG_WARN_UNGUARDED_AVAILABILITY = YES_AGGRESSIVE;
				CLANG_WARN_UNREACHABLE_CODE = YES;
				CLANG_WARN__DUPLICATE_METHOD_MATCH = YES;
				COPY_PHASE_STRIP = NO;
				DEBUG_INFORMATION_FORMAT = "dwarf-with-dsym";
				ENABLE_NS_ASSERTIONS = NO;
				ENABLE_STRICT_OBJC_MSGSEND = YES;
				GCC_C_LANGUAGE_STANDARD = gnu11;
				GCC_NO_COMMON_BLOCKS = YES;
				GCC_WARN_64_TO_32_BIT_CONVERSION = YES;
				GCC_WARN_ABOUT_RETURN_TYPE = YES_ERROR;
				GCC_WARN_UNDECLARED_SELECTOR = YES;
				GCC_WARN_UNINITIALIZED_AUTOS = YES_AGGRESSIVE;
				GCC_WARN_UNUSED_FUNCTION = YES;
				GCC_WARN_UNUSED_VARIABLE = YES;
				IPHONEOS_DEPLOYMENT_TARGET = 16.2;
				MTL_ENABLE_DEBUG_INFO = NO;
				MTL_FAST_MATH = YES;
				SDKROOT = iphoneos;
				SWIFT_COMPILATION_MODE = wholemodule;
				SWIFT_OPTIMIZATION_LEVEL = "-O";
				VALIDATE_PRODUCT = YES;
			};
			name = Release;
		};
		ABDF21802A5DBB2800320152 /* Debug */ = {
			isa = XCBuildConfiguration;
			baseConfigurationReference = ABDF21972A5EE74B00320152 /* env_debug.xcconfig */;
			buildSettings = {
				ASSETCATALOG_COMPILER_APPICON_NAME = AppIcon;
				ASSETCATALOG_COMPILER_GLOBAL_ACCENT_COLOR_NAME = AccentColor;
				CODE_SIGN_STYLE = Automatic;
				CURRENT_PROJECT_VERSION = 1;
				GENERATE_INFOPLIST_FILE = YES;
				INFOPLIST_FILE = "Weather/Supporting Files/Info.plist";
				INFOPLIST_KEY_UIApplicationSupportsIndirectInputEvents = YES;
				INFOPLIST_KEY_UILaunchStoryboardName = LaunchScreen;
				INFOPLIST_KEY_UISupportedInterfaceOrientations_iPad = "UIInterfaceOrientationPortrait UIInterfaceOrientationPortraitUpsideDown UIInterfaceOrientationLandscapeLeft UIInterfaceOrientationLandscapeRight";
				INFOPLIST_KEY_UISupportedInterfaceOrientations_iPhone = "UIInterfaceOrientationPortrait UIInterfaceOrientationLandscapeLeft UIInterfaceOrientationLandscapeRight";
				LD_RUNPATH_SEARCH_PATHS = (
					"$(inherited)",
					"@executable_path/Frameworks",
				);
				MARKETING_VERSION = 1.0;
				PRODUCT_BUNDLE_IDENTIFIER = com.ritulya.Weather;
				PRODUCT_NAME = "$(TARGET_NAME)";
				SWIFT_EMIT_LOC_STRINGS = YES;
				SWIFT_VERSION = 5.0;
				TARGETED_DEVICE_FAMILY = "1,2";
			};
			name = Debug;
		};
		ABDF21812A5DBB2800320152 /* Release */ = {
			isa = XCBuildConfiguration;
			baseConfigurationReference = AB9D539C2A674AFD00A01F6E /* env_release.xcconfig */;
			buildSettings = {
				ASSETCATALOG_COMPILER_APPICON_NAME = AppIcon;
				ASSETCATALOG_COMPILER_GLOBAL_ACCENT_COLOR_NAME = AccentColor;
				CODE_SIGN_STYLE = Automatic;
				CURRENT_PROJECT_VERSION = 1;
				GENERATE_INFOPLIST_FILE = YES;
				INFOPLIST_FILE = "Weather/Supporting Files/Info.plist";
				INFOPLIST_KEY_UIApplicationSupportsIndirectInputEvents = YES;
				INFOPLIST_KEY_UILaunchStoryboardName = LaunchScreen;
				INFOPLIST_KEY_UISupportedInterfaceOrientations_iPad = "UIInterfaceOrientationPortrait UIInterfaceOrientationPortraitUpsideDown UIInterfaceOrientationLandscapeLeft UIInterfaceOrientationLandscapeRight";
				INFOPLIST_KEY_UISupportedInterfaceOrientations_iPhone = "UIInterfaceOrientationPortrait UIInterfaceOrientationLandscapeLeft UIInterfaceOrientationLandscapeRight";
				LD_RUNPATH_SEARCH_PATHS = (
					"$(inherited)",
					"@executable_path/Frameworks",
				);
				MARKETING_VERSION = 1.0;
				PRODUCT_BUNDLE_IDENTIFIER = com.ritulya.Weather;
				PRODUCT_NAME = "$(TARGET_NAME)";
				SWIFT_EMIT_LOC_STRINGS = YES;
				SWIFT_VERSION = 5.0;
				TARGETED_DEVICE_FAMILY = "1,2";
			};
			name = Release;
		};
/* End XCBuildConfiguration section */

/* Begin XCConfigurationList section */
		ABDF21662A5DBB2700320152 /* Build configuration list for PBXProject "Weather" */ = {
			isa = XCConfigurationList;
			buildConfigurations = (
				ABDF217D2A5DBB2800320152 /* Debug */,
				ABDF217E2A5DBB2800320152 /* Release */,
			);
			defaultConfigurationIsVisible = 0;
			defaultConfigurationName = Release;
		};
		ABDF217F2A5DBB2800320152 /* Build configuration list for PBXNativeTarget "Weather" */ = {
			isa = XCConfigurationList;
			buildConfigurations = (
				ABDF21802A5DBB2800320152 /* Debug */,
				ABDF21812A5DBB2800320152 /* Release */,
			);
			defaultConfigurationIsVisible = 0;
			defaultConfigurationName = Release;
		};
/* End XCConfigurationList section */
	};
	rootObject = ABDF21632A5DBB2700320152 /* Project object */;
}
